
Microsoft Visual Studio Solution File, Format Version 12.00
# Visual Studio 2013
VisualStudioVersion = 12.0.30723.0
MinimumVisualStudioVersion = 10.0.40219.1
Project("{FAE04EC0-301F-11D3-BF4B-00C04F79EFBC}") = "CodeHub.Web", "CodeHub.Web\CodeHub.Web.csproj", "{50533089-90EF-4D33-9B56-FBE1B8B4D709}"
EndProject
Project("{FAE04EC0-301F-11D3-BF4B-00C04F79EFBC}") = "CodeHub.Models", "CodeHub.Models\CodeHub.Models.csproj", "{35544AC7-2BA5-4F26-9E39-9FE603AC42E5}"
EndProject
Project("{FAE04EC0-301F-11D3-BF4B-00C04F79EFBC}") = "CodeHub.Data", "CodeHub.Data\CodeHub.Data.csproj", "{4D07EB98-2A4B-4531-9FFB-28523FE361AF}"
EndProject
Project("{2150E333-8FDC-42A3-9474-1A3956D46DE8}") = "Data", "Data", "{4D645EC0-F1E0-4A79-8A01-AD4B3725C596}"
EndProject
Project("{FAE04EC0-301F-11D3-BF4B-00C04F79EFBC}") = "CodeHub.Common", "CodeHub.Common\CodeHub.Common.csproj", "{933EE183-BD1E-468F-9641-6FE1BFBEB4D0}"
EndProject
Global
	GlobalSection(SolutionConfigurationPlatforms) = preSolution
		Debug|Any CPU = Debug|Any CPU
		Release|Any CPU = Release|Any CPU
	EndGlobalSection
	GlobalSection(ProjectConfigurationPlatforms) = postSolution
		{50533089-90EF-4D33-9B56-FBE1B8B4D709}.Debug|Any CPU.ActiveCfg = Debug|Any CPU
		{50533089-90EF-4D33-9B56-FBE1B8B4D709}.Debug|Any CPU.Build.0 = Debug|Any CPU
		{50533089-90EF-4D33-9B56-FBE1B8B4D709}.Release|Any CPU.ActiveCfg = Release|Any CPU
		{50533089-90EF-4D33-9B56-FBE1B8B4D709}.Release|Any CPU.Build.0 = Release|Any CPU
		{35544AC7-2BA5-4F26-9E39-9FE603AC42E5}.Debug|Any CPU.ActiveCfg = Debug|Any CPU
		{35544AC7-2BA5-4F26-9E39-9FE603AC42E5}.Debug|Any CPU.Build.0 = Debug|Any CPU
		{35544AC7-2BA5-4F26-9E39-9FE603AC42E5}.Release|Any CPU.ActiveCfg = Release|Any CPU
		{35544AC7-2BA5-4F26-9E39-9FE603AC42E5}.Release|Any CPU.Build.0 = Release|Any CPU
		{4D07EB98-2A4B-4531-9FFB-28523FE361AF}.Debug|Any CPU.ActiveCfg = Debug|Any CPU
		{4D07EB98-2A4B-4531-9FFB-28523FE361AF}.Debug|Any CPU.Build.0 = Debug|Any CPU
		{4D07EB98-2A4B-4531-9FFB-28523FE361AF}.Release|Any CPU.ActiveCfg = Release|Any CPU
		{4D07EB98-2A4B-4531-9FFB-28523FE361AF}.Release|Any CPU.Build.0 = Release|Any CPU
		{933EE183-BD1E-468F-9641-6FE1BFBEB4D0}.Debug|Any CPU.ActiveCfg = Debug|Any CPU
		{933EE183-BD1E-468F-9641-6FE1BFBEB4D0}.Debug|Any CPU.Build.0 = Debug|Any CPU
		{933EE183-BD1E-468F-9641-6FE1BFBEB4D0}.Release|Any CPU.ActiveCfg = Release|Any CPU
		{933EE183-BD1E-468F-9641-6FE1BFBEB4D0}.Release|Any CPU.Build.0 = Release|Any CPU
	EndGlobalSection
	GlobalSection(SolutionProperties) = preSolution
		HideSolutionNode = FALSE
	EndGlobalSection
	GlobalSection(NestedProjects) = preSolution
		{35544AC7-2BA5-4F26-9E39-9FE603AC42E5} = {4D645EC0-F1E0-4A79-8A01-AD4B3725C596}
		{4D07EB98-2A4B-4531-9FFB-28523FE361AF} = {4D645EC0-F1E0-4A79-8A01-AD4B3725C596}
	EndGlobalSection
EndGlobal
