
Microsoft Visual Studio Solution File, Format Version 12.00
# Visual Studio 2013
VisualStudioVersion = 12.0.30723.0
MinimumVisualStudioVersion = 10.0.40219.1
Project("{2150E333-8FDC-42A3-9474-1A3956D46DE8}") = "Data", "Data", "{0355226D-DE94-4057-8F83-7843184498B3}"
EndProject
Project("{2150E333-8FDC-42A3-9474-1A3956D46DE8}") = "Web", "Web", "{CC682203-C587-4CD7-B678-6628A2B9D9C2}"
EndProject
Project("{FAE04EC0-301F-11D3-BF4B-00C04F79EFBC}") = "CodeHub.Common", "CodeHub.Common\CodeHub.Common.csproj", "{FAE165A9-CD5B-465B-8940-0B9C139A004A}"
EndProject
Project("{FAE04EC0-301F-11D3-BF4B-00C04F79EFBC}") = "CodeHub.Data", "Data\CodeHub.Data\CodeHub.Data.csproj", "{5BAA4BA9-9818-4705-9422-89B6D107F2D5}"
EndProject
Project("{FAE04EC0-301F-11D3-BF4B-00C04F79EFBC}") = "CodeHub.Data.Common", "Data\CodeHub.Data.Common\CodeHub.Data.Common.csproj", "{0E5CF07D-F133-4C42-A524-03147ACA633F}"
EndProject
Project("{FAE04EC0-301F-11D3-BF4B-00C04F79EFBC}") = "CodeHub.Data.Models", "Data\CodeHub.Data.Models\CodeHub.Data.Models.csproj", "{E80A1B97-2300-4A7B-A4D1-B0E3F18AA31F}"
EndProject
Project("{FAE04EC0-301F-11D3-BF4B-00C04F79EFBC}") = "CodeHub.Web", "Web\CodeHub.Web\CodeHub.Web.csproj", "{8E1CEB93-C80F-4A66-997A-E180F052DB67}"
EndProject
Project("{FAE04EC0-301F-11D3-BF4B-00C04F79EFBC}") = "CodeHub.Web.Infrastructure", "Web\CodeHub.Web.Infrastructure\CodeHub.Web.Infrastructure.csproj", "{9E692179-5AE7-40F8-9E44-4393CC01B0C4}"
EndProject
Global
	GlobalSection(SolutionConfigurationPlatforms) = preSolution
		Debug|Any CPU = Debug|Any CPU
		Release|Any CPU = Release|Any CPU
	EndGlobalSection
	GlobalSection(ProjectConfigurationPlatforms) = postSolution
		{FAE165A9-CD5B-465B-8940-0B9C139A004A}.Debug|Any CPU.ActiveCfg = Debug|Any CPU
		{FAE165A9-CD5B-465B-8940-0B9C139A004A}.Debug|Any CPU.Build.0 = Debug|Any CPU
		{FAE165A9-CD5B-465B-8940-0B9C139A004A}.Release|Any CPU.ActiveCfg = Release|Any CPU
		{FAE165A9-CD5B-465B-8940-0B9C139A004A}.Release|Any CPU.Build.0 = Release|Any CPU
		{5BAA4BA9-9818-4705-9422-89B6D107F2D5}.Debug|Any CPU.ActiveCfg = Debug|Any CPU
		{5BAA4BA9-9818-4705-9422-89B6D107F2D5}.Debug|Any CPU.Build.0 = Debug|Any CPU
		{5BAA4BA9-9818-4705-9422-89B6D107F2D5}.Release|Any CPU.ActiveCfg = Release|Any CPU
		{5BAA4BA9-9818-4705-9422-89B6D107F2D5}.Release|Any CPU.Build.0 = Release|Any CPU
		{0E5CF07D-F133-4C42-A524-03147ACA633F}.Debug|Any CPU.ActiveCfg = Debug|Any CPU
		{0E5CF07D-F133-4C42-A524-03147ACA633F}.Debug|Any CPU.Build.0 = Debug|Any CPU
		{0E5CF07D-F133-4C42-A524-03147ACA633F}.Release|Any CPU.ActiveCfg = Release|Any CPU
		{0E5CF07D-F133-4C42-A524-03147ACA633F}.Release|Any CPU.Build.0 = Release|Any CPU
		{E80A1B97-2300-4A7B-A4D1-B0E3F18AA31F}.Debug|Any CPU.ActiveCfg = Debug|Any CPU
		{E80A1B97-2300-4A7B-A4D1-B0E3F18AA31F}.Debug|Any CPU.Build.0 = Debug|Any CPU
		{E80A1B97-2300-4A7B-A4D1-B0E3F18AA31F}.Release|Any CPU.ActiveCfg = Release|Any CPU
		{E80A1B97-2300-4A7B-A4D1-B0E3F18AA31F}.Release|Any CPU.Build.0 = Release|Any CPU
		{8E1CEB93-C80F-4A66-997A-E180F052DB67}.Debug|Any CPU.ActiveCfg = Debug|Any CPU
		{8E1CEB93-C80F-4A66-997A-E180F052DB67}.Debug|Any CPU.Build.0 = Debug|Any CPU
		{8E1CEB93-C80F-4A66-997A-E180F052DB67}.Release|Any CPU.ActiveCfg = Release|Any CPU
		{8E1CEB93-C80F-4A66-997A-E180F052DB67}.Release|Any CPU.Build.0 = Release|Any CPU
		{9E692179-5AE7-40F8-9E44-4393CC01B0C4}.Debug|Any CPU.ActiveCfg = Debug|Any CPU
		{9E692179-5AE7-40F8-9E44-4393CC01B0C4}.Debug|Any CPU.Build.0 = Debug|Any CPU
		{9E692179-5AE7-40F8-9E44-4393CC01B0C4}.Release|Any CPU.ActiveCfg = Release|Any CPU
		{9E692179-5AE7-40F8-9E44-4393CC01B0C4}.Release|Any CPU.Build.0 = Release|Any CPU
	EndGlobalSection
	GlobalSection(SolutionProperties) = preSolution
		HideSolutionNode = FALSE
	EndGlobalSection
	GlobalSection(NestedProjects) = preSolution
		{5BAA4BA9-9818-4705-9422-89B6D107F2D5} = {0355226D-DE94-4057-8F83-7843184498B3}
		{0E5CF07D-F133-4C42-A524-03147ACA633F} = {0355226D-DE94-4057-8F83-7843184498B3}
		{E80A1B97-2300-4A7B-A4D1-B0E3F18AA31F} = {0355226D-DE94-4057-8F83-7843184498B3}
		{8E1CEB93-C80F-4A66-997A-E180F052DB67} = {CC682203-C587-4CD7-B678-6628A2B9D9C2}
		{9E692179-5AE7-40F8-9E44-4393CC01B0C4} = {CC682203-C587-4CD7-B678-6628A2B9D9C2}
	EndGlobalSection
EndGlobal
